
Microsoft Visual Studio Solution File, Format Version 12.00
# Visual Studio Version 17
VisualStudioVersion = 17.0.31903.59
MinimumVisualStudioVersion = 10.0.40219.1
Project("{FAE04EC0-301F-11D3-BF4B-00C04F79EFBC}") = "Financial_Analyst", "Financial_Analyst\Financial_Analyst.csproj", "{D093ABEF-A742-4F4D-8942-E9ECC858DC60}"
EndProject
Global
	GlobalSection(SolutionConfigurationPlatforms) = preSolution
		Debug|Any CPU = Debug|Any CPU
		Release|Any CPU = Release|Any CPU
	EndGlobalSection
	GlobalSection(ProjectConfigurationPlatforms) = postSolution
		{D093ABEF-A742-4F4D-8942-E9ECC858DC60}.Debug|Any CPU.ActiveCfg = Debug|Any CPU
		{D093ABEF-A742-4F4D-8942-E9ECC858DC60}.Debug|Any CPU.Build.0 = Debug|Any CPU
		{D093ABEF-A742-4F4D-8942-E9ECC858DC60}.Release|Any CPU.ActiveCfg = Release|Any CPU
		{D093ABEF-A742-4F4D-8942-E9ECC858DC60}.Release|Any CPU.Build.0 = Release|Any CPU
	EndGlobalSection
	GlobalSection(SolutionProperties) = preSolution
		HideSolutionNode = FALSE
	EndGlobalSection
	GlobalSection(ExtensibilityGlobals) = postSolution
		SolutionGuid = {AE54BCAE-76C7-45FC-BD0B-471F40A5D753}
	EndGlobalSection
EndGlobal
